// !$*UTF8*$!
{
	archiveVersion = 1;
	classes = {
	};
	objectVersion = 56;
	objects = {

/* Begin PBXBuildFile section */
		02B9B31A2BD27D20001E8810 /* AppDelegate.swift in Sources */ = {isa = PBXBuildFile; fileRef = 02B9B3192BD27D20001E8810 /* AppDelegate.swift */; };
		02B9B31C2BD27D20001E8810 /* SceneDelegate.swift in Sources */ = {isa = PBXBuildFile; fileRef = 02B9B31B2BD27D20001E8810 /* SceneDelegate.swift */; };
		02B9B31E2BD27D20001E8810 /* ViewController.swift in Sources */ = {isa = PBXBuildFile; fileRef = 02B9B31D2BD27D20001E8810 /* ViewController.swift */; };
		02B9B3212BD27D20001E8810 /* Main.storyboard in Resources */ = {isa = PBXBuildFile; fileRef = 02B9B31F2BD27D20001E8810 /* Main.storyboard */; };
		02B9B3232BD27D21001E8810 /* Assets.xcassets in Resources */ = {isa = PBXBuildFile; fileRef = 02B9B3222BD27D21001E8810 /* Assets.xcassets */; };
		02B9B3262BD27D21001E8810 /* LaunchScreen.storyboard in Resources */ = {isa = PBXBuildFile; fileRef = 02B9B3242BD27D21001E8810 /* LaunchScreen.storyboard */; };
		02B9B3312BD27D21001E8810 /* TVMOVIETests.swift in Sources */ = {isa = PBXBuildFile; fileRef = 02B9B3302BD27D21001E8810 /* TVMOVIETests.swift */; };
		02B9B33B2BD27D21001E8810 /* TVMOVIEUITests.swift in Sources */ = {isa = PBXBuildFile; fileRef = 02B9B33A2BD27D21001E8810 /* TVMOVIEUITests.swift */; };
		02B9B33D2BD27D21001E8810 /* TVMOVIEUITestsLaunchTests.swift in Sources */ = {isa = PBXBuildFile; fileRef = 02B9B33C2BD27D21001E8810 /* TVMOVIEUITestsLaunchTests.swift */; };
		02B9B34B2BD27DC5001E8810 /* Kingfisher in Frameworks */ = {isa = PBXBuildFile; productRef = 02B9B34A2BD27DC5001E8810 /* Kingfisher */; };
		02B9B34E2BD27E61001E8810 /* SnapKit in Frameworks */ = {isa = PBXBuildFile; productRef = 02B9B34D2BD27E61001E8810 /* SnapKit */; };
		02B9B3512BD28055001E8810 /* RxCocoa in Frameworks */ = {isa = PBXBuildFile; productRef = 02B9B3502BD28055001E8810 /* RxCocoa */; };
		02B9B3532BD28055001E8810 /* RxSwift in Frameworks */ = {isa = PBXBuildFile; productRef = 02B9B3522BD28055001E8810 /* RxSwift */; };
		02B9B3562BD280F2001E8810 /* RxAlamofire in Frameworks */ = {isa = PBXBuildFile; productRef = 02B9B3552BD280F2001E8810 /* RxAlamofire */; };
		02B9B3592BD64EA7001E8810 /* Const.swift in Sources */ = {isa = PBXBuildFile; fileRef = 02B9B3582BD64EA7001E8810 /* Const.swift */; };
		02B9B35C2BD6757F001E8810 /* TV.swift in Sources */ = {isa = PBXBuildFile; fileRef = 02B9B35B2BD6757F001E8810 /* TV.swift */; };
		02B9B35E2BD67B33001E8810 /* Movie.swift in Sources */ = {isa = PBXBuildFile; fileRef = 02B9B35D2BD67B33001E8810 /* Movie.swift */; };
		02B9B3602BD681EF001E8810 /* MovieResults.swift in Sources */ = {isa = PBXBuildFile; fileRef = 02B9B35F2BD681EF001E8810 /* MovieResults.swift */; };
		02B9B3A02BDA2D24001E8810 /* Network.swift in Sources */ = {isa = PBXBuildFile; fileRef = 02B9B39F2BDA2D24001E8810 /* Network.swift */; };
		02B9B3A22BDA3453001E8810 /* TVNetwork.swift in Sources */ = {isa = PBXBuildFile; fileRef = 02B9B3A12BDA3453001E8810 /* TVNetwork.swift */; };
		02B9B3A42BDA3692001E8810 /* MovieNetwork.swift in Sources */ = {isa = PBXBuildFile; fileRef = 02B9B3A32BDA3692001E8810 /* MovieNetwork.swift */; };
		02B9B3A62BDA398E001E8810 /* NetworkProvider.swift in Sources */ = {isa = PBXBuildFile; fileRef = 02B9B3A52BDA398E001E8810 /* NetworkProvider.swift */; };
		02B9B3A82BDA3D74001E8810 /* ButtonView.swift in Sources */ = {isa = PBXBuildFile; fileRef = 02B9B3A72BDA3D74001E8810 /* ButtonView.swift */; };
		02B9B3AA2BDA57D2001E8810 /* ViewModel.swift in Sources */ = {isa = PBXBuildFile; fileRef = 02B9B3A92BDA57D2001E8810 /* ViewModel.swift */; };
		02B9B3AD2BDCCC47001E8810 /* NormalCollectionViewCell.swift in Sources */ = {isa = PBXBuildFile; fileRef = 02B9B3AC2BDCCC47001E8810 /* NormalCollectionViewCell.swift */; };
		02B9B3AF2BE0F564001E8810 /* Content.swift in Sources */ = {isa = PBXBuildFile; fileRef = 02B9B3AE2BE0F564001E8810 /* Content.swift */; };
		02B9B3B12BE0FA45001E8810 /* BigImageCollectionViewCell.swift in Sources */ = {isa = PBXBuildFile; fileRef = 02B9B3B02BE0FA45001E8810 /* BigImageCollectionViewCell.swift */; };
/* End PBXBuildFile section */

/* Begin PBXContainerItemProxy section */
		02B9B32D2BD27D21001E8810 /* PBXContainerItemProxy */ = {
			isa = PBXContainerItemProxy;
			containerPortal = 02B9B30E2BD27D20001E8810 /* Project object */;
			proxyType = 1;
			remoteGlobalIDString = 02B9B3152BD27D20001E8810;
			remoteInfo = TVMOVIE;
		};
		02B9B3372BD27D21001E8810 /* PBXContainerItemProxy */ = {
			isa = PBXContainerItemProxy;
			containerPortal = 02B9B30E2BD27D20001E8810 /* Project object */;
			proxyType = 1;
			remoteGlobalIDString = 02B9B3152BD27D20001E8810;
			remoteInfo = TVMOVIE;
		};
/* End PBXContainerItemProxy section */

/* Begin PBXFileReference section */
		02B9B3162BD27D20001E8810 /* TVMOVIE.app */ = {isa = PBXFileReference; explicitFileType = wrapper.application; includeInIndex = 0; path = TVMOVIE.app; sourceTree = BUILT_PRODUCTS_DIR; };
		02B9B3192BD27D20001E8810 /* AppDelegate.swift */ = {isa = PBXFileReference; lastKnownFileType = sourcecode.swift; path = AppDelegate.swift; sourceTree = "<group>"; };
		02B9B31B2BD27D20001E8810 /* SceneDelegate.swift */ = {isa = PBXFileReference; lastKnownFileType = sourcecode.swift; path = SceneDelegate.swift; sourceTree = "<group>"; };
		02B9B31D2BD27D20001E8810 /* ViewController.swift */ = {isa = PBXFileReference; lastKnownFileType = sourcecode.swift; path = ViewController.swift; sourceTree = "<group>"; };
		02B9B3202BD27D20001E8810 /* Base */ = {isa = PBXFileReference; lastKnownFileType = file.storyboard; name = Base; path = Base.lproj/Main.storyboard; sourceTree = "<group>"; };
		02B9B3222BD27D21001E8810 /* Assets.xcassets */ = {isa = PBXFileReference; lastKnownFileType = folder.assetcatalog; path = Assets.xcassets; sourceTree = "<group>"; };
		02B9B3252BD27D21001E8810 /* Base */ = {isa = PBXFileReference; lastKnownFileType = file.storyboard; name = Base; path = Base.lproj/LaunchScreen.storyboard; sourceTree = "<group>"; };
		02B9B3272BD27D21001E8810 /* Info.plist */ = {isa = PBXFileReference; lastKnownFileType = text.plist.xml; path = Info.plist; sourceTree = "<group>"; };
		02B9B32C2BD27D21001E8810 /* TVMOVIETests.xctest */ = {isa = PBXFileReference; explicitFileType = wrapper.cfbundle; includeInIndex = 0; path = TVMOVIETests.xctest; sourceTree = BUILT_PRODUCTS_DIR; };
		02B9B3302BD27D21001E8810 /* TVMOVIETests.swift */ = {isa = PBXFileReference; lastKnownFileType = sourcecode.swift; path = TVMOVIETests.swift; sourceTree = "<group>"; };
		02B9B3362BD27D21001E8810 /* TVMOVIEUITests.xctest */ = {isa = PBXFileReference; explicitFileType = wrapper.cfbundle; includeInIndex = 0; path = TVMOVIEUITests.xctest; sourceTree = BUILT_PRODUCTS_DIR; };
		02B9B33A2BD27D21001E8810 /* TVMOVIEUITests.swift */ = {isa = PBXFileReference; lastKnownFileType = sourcecode.swift; path = TVMOVIEUITests.swift; sourceTree = "<group>"; };
		02B9B33C2BD27D21001E8810 /* TVMOVIEUITestsLaunchTests.swift */ = {isa = PBXFileReference; lastKnownFileType = sourcecode.swift; path = TVMOVIEUITestsLaunchTests.swift; sourceTree = "<group>"; };
		02B9B3582BD64EA7001E8810 /* Const.swift */ = {isa = PBXFileReference; lastKnownFileType = sourcecode.swift; path = Const.swift; sourceTree = "<group>"; };
		02B9B35B2BD6757F001E8810 /* TV.swift */ = {isa = PBXFileReference; lastKnownFileType = sourcecode.swift; path = TV.swift; sourceTree = "<group>"; };
		02B9B35D2BD67B33001E8810 /* Movie.swift */ = {isa = PBXFileReference; lastKnownFileType = sourcecode.swift; path = Movie.swift; sourceTree = "<group>"; };
		02B9B35F2BD681EF001E8810 /* MovieResults.swift */ = {isa = PBXFileReference; lastKnownFileType = sourcecode.swift; path = MovieResults.swift; sourceTree = "<group>"; };
		02B9B39F2BDA2D24001E8810 /* Network.swift */ = {isa = PBXFileReference; lastKnownFileType = sourcecode.swift; path = Network.swift; sourceTree = "<group>"; };
		02B9B3A12BDA3453001E8810 /* TVNetwork.swift */ = {isa = PBXFileReference; lastKnownFileType = sourcecode.swift; path = TVNetwork.swift; sourceTree = "<group>"; };
		02B9B3A32BDA3692001E8810 /* MovieNetwork.swift */ = {isa = PBXFileReference; lastKnownFileType = sourcecode.swift; path = MovieNetwork.swift; sourceTree = "<group>"; };
		02B9B3A52BDA398E001E8810 /* NetworkProvider.swift */ = {isa = PBXFileReference; lastKnownFileType = sourcecode.swift; path = NetworkProvider.swift; sourceTree = "<group>"; };
		02B9B3A72BDA3D74001E8810 /* ButtonView.swift */ = {isa = PBXFileReference; lastKnownFileType = sourcecode.swift; path = ButtonView.swift; sourceTree = "<group>"; };
		02B9B3A92BDA57D2001E8810 /* ViewModel.swift */ = {isa = PBXFileReference; lastKnownFileType = sourcecode.swift; path = ViewModel.swift; sourceTree = "<group>"; };
		02B9B3AC2BDCCC47001E8810 /* NormalCollectionViewCell.swift */ = {isa = PBXFileReference; lastKnownFileType = sourcecode.swift; path = NormalCollectionViewCell.swift; sourceTree = "<group>"; };
		02B9B3AE2BE0F564001E8810 /* Content.swift */ = {isa = PBXFileReference; lastKnownFileType = sourcecode.swift; path = Content.swift; sourceTree = "<group>"; };
		02B9B3B02BE0FA45001E8810 /* BigImageCollectionViewCell.swift */ = {isa = PBXFileReference; lastKnownFileType = sourcecode.swift; path = BigImageCollectionViewCell.swift; sourceTree = "<group>"; };
/* End PBXFileReference section */

/* Begin PBXFrameworksBuildPhase section */
		02B9B3132BD27D20001E8810 /* Frameworks */ = {
			isa = PBXFrameworksBuildPhase;
			buildActionMask = 2147483647;
			files = (
				02B9B3512BD28055001E8810 /* RxCocoa in Frameworks */,
				02B9B34B2BD27DC5001E8810 /* Kingfisher in Frameworks */,
				02B9B3532BD28055001E8810 /* RxSwift in Frameworks */,
				02B9B3562BD280F2001E8810 /* RxAlamofire in Frameworks */,
				02B9B34E2BD27E61001E8810 /* SnapKit in Frameworks */,
			);
			runOnlyForDeploymentPostprocessing = 0;
		};
		02B9B3292BD27D21001E8810 /* Frameworks */ = {
			isa = PBXFrameworksBuildPhase;
			buildActionMask = 2147483647;
			files = (
			);
			runOnlyForDeploymentPostprocessing = 0;
		};
		02B9B3332BD27D21001E8810 /* Frameworks */ = {
			isa = PBXFrameworksBuildPhase;
			buildActionMask = 2147483647;
			files = (
			);
			runOnlyForDeploymentPostprocessing = 0;
		};
/* End PBXFrameworksBuildPhase section */

/* Begin PBXGroup section */
		02B9B30D2BD27D20001E8810 = {
			isa = PBXGroup;
			children = (
				02B9B3182BD27D20001E8810 /* TVMOVIE */,
				02B9B32F2BD27D21001E8810 /* TVMOVIETests */,
				02B9B3392BD27D21001E8810 /* TVMOVIEUITests */,
				02B9B3172BD27D20001E8810 /* Products */,
			);
			sourceTree = "<group>";
		};
		02B9B3172BD27D20001E8810 /* Products */ = {
			isa = PBXGroup;
			children = (
				02B9B3162BD27D20001E8810 /* TVMOVIE.app */,
				02B9B32C2BD27D21001E8810 /* TVMOVIETests.xctest */,
				02B9B3362BD27D21001E8810 /* TVMOVIEUITests.xctest */,
			);
			name = Products;
			sourceTree = "<group>";
		};
		02B9B3182BD27D20001E8810 /* TVMOVIE */ = {
			isa = PBXGroup;
			children = (
				02B9B3AB2BDCCBBD001E8810 /* Cells */,
				02B9B3572BD64E92001E8810 /* Network */,
				02B9B3192BD27D20001E8810 /* AppDelegate.swift */,
				02B9B31B2BD27D20001E8810 /* SceneDelegate.swift */,
				02B9B31D2BD27D20001E8810 /* ViewController.swift */,
				02B9B3A72BDA3D74001E8810 /* ButtonView.swift */,
				02B9B3A92BDA57D2001E8810 /* ViewModel.swift */,
				02B9B31F2BD27D20001E8810 /* Main.storyboard */,
				02B9B3222BD27D21001E8810 /* Assets.xcassets */,
				02B9B3242BD27D21001E8810 /* LaunchScreen.storyboard */,
				02B9B3272BD27D21001E8810 /* Info.plist */,
			);
			path = TVMOVIE;
			sourceTree = "<group>";
		};
		02B9B32F2BD27D21001E8810 /* TVMOVIETests */ = {
			isa = PBXGroup;
			children = (
				02B9B3302BD27D21001E8810 /* TVMOVIETests.swift */,
			);
			path = TVMOVIETests;
			sourceTree = "<group>";
		};
		02B9B3392BD27D21001E8810 /* TVMOVIEUITests */ = {
			isa = PBXGroup;
			children = (
				02B9B33A2BD27D21001E8810 /* TVMOVIEUITests.swift */,
				02B9B33C2BD27D21001E8810 /* TVMOVIEUITestsLaunchTests.swift */,
			);
			path = TVMOVIEUITests;
			sourceTree = "<group>";
		};
		02B9B3572BD64E92001E8810 /* Network */ = {
			isa = PBXGroup;
			children = (
				02B9B3582BD64EA7001E8810 /* Const.swift */,
				02B9B35A2BD6756E001E8810 /* Entities */,
				02B9B39F2BDA2D24001E8810 /* Network.swift */,
				02B9B3A12BDA3453001E8810 /* TVNetwork.swift */,
				02B9B3A32BDA3692001E8810 /* MovieNetwork.swift */,
				02B9B3A52BDA398E001E8810 /* NetworkProvider.swift */,
			);
			path = Network;
			sourceTree = "<group>";
		};
		02B9B35A2BD6756E001E8810 /* Entities */ = {
			isa = PBXGroup;
			children = (
				02B9B35B2BD6757F001E8810 /* TV.swift */,
				02B9B35D2BD67B33001E8810 /* Movie.swift */,
				02B9B35F2BD681EF001E8810 /* MovieResults.swift */,
				02B9B3AE2BE0F564001E8810 /* Content.swift */,
			);
			path = Entities;
			sourceTree = "<group>";
		};
		02B9B3AB2BDCCBBD001E8810 /* Cells */ = {
			isa = PBXGroup;
			children = (
				02B9B3AC2BDCCC47001E8810 /* NormalCollectionViewCell.swift */,
				02B9B3B02BE0FA45001E8810 /* BigImageCollectionViewCell.swift */,
			);
			path = Cells;
			sourceTree = "<group>";
		};
/* End PBXGroup section */

/* Begin PBXNativeTarget section */
		02B9B3152BD27D20001E8810 /* TVMOVIE */ = {
			isa = PBXNativeTarget;
			buildConfigurationList = 02B9B3402BD27D21001E8810 /* Build configuration list for PBXNativeTarget "TVMOVIE" */;
			buildPhases = (
				02B9B3122BD27D20001E8810 /* Sources */,
				02B9B3132BD27D20001E8810 /* Frameworks */,
				02B9B3142BD27D20001E8810 /* Resources */,
			);
			buildRules = (
			);
			dependencies = (
			);
			name = TVMOVIE;
			packageProductDependencies = (
				02B9B34A2BD27DC5001E8810 /* Kingfisher */,
				02B9B34D2BD27E61001E8810 /* SnapKit */,
				02B9B3502BD28055001E8810 /* RxCocoa */,
				02B9B3522BD28055001E8810 /* RxSwift */,
				02B9B3552BD280F2001E8810 /* RxAlamofire */,
			);
			productName = TVMOVIE;
			productReference = 02B9B3162BD27D20001E8810 /* TVMOVIE.app */;
			productType = "com.apple.product-type.application";
		};
		02B9B32B2BD27D21001E8810 /* TVMOVIETests */ = {
			isa = PBXNativeTarget;
			buildConfigurationList = 02B9B3432BD27D21001E8810 /* Build configuration list for PBXNativeTarget "TVMOVIETests" */;
			buildPhases = (
				02B9B3282BD27D21001E8810 /* Sources */,
				02B9B3292BD27D21001E8810 /* Frameworks */,
				02B9B32A2BD27D21001E8810 /* Resources */,
			);
			buildRules = (
			);
			dependencies = (
				02B9B32E2BD27D21001E8810 /* PBXTargetDependency */,
			);
			name = TVMOVIETests;
			productName = TVMOVIETests;
			productReference = 02B9B32C2BD27D21001E8810 /* TVMOVIETests.xctest */;
			productType = "com.apple.product-type.bundle.unit-test";
		};
		02B9B3352BD27D21001E8810 /* TVMOVIEUITests */ = {
			isa = PBXNativeTarget;
			buildConfigurationList = 02B9B3462BD27D21001E8810 /* Build configuration list for PBXNativeTarget "TVMOVIEUITests" */;
			buildPhases = (
				02B9B3322BD27D21001E8810 /* Sources */,
				02B9B3332BD27D21001E8810 /* Frameworks */,
				02B9B3342BD27D21001E8810 /* Resources */,
			);
			buildRules = (
			);
			dependencies = (
				02B9B3382BD27D21001E8810 /* PBXTargetDependency */,
			);
			name = TVMOVIEUITests;
			productName = TVMOVIEUITests;
			productReference = 02B9B3362BD27D21001E8810 /* TVMOVIEUITests.xctest */;
			productType = "com.apple.product-type.bundle.ui-testing";
		};
/* End PBXNativeTarget section */

/* Begin PBXProject section */
		02B9B30E2BD27D20001E8810 /* Project object */ = {
			isa = PBXProject;
			attributes = {
				BuildIndependentTargetsInParallel = 1;
				LastSwiftUpdateCheck = 1520;
				LastUpgradeCheck = 1520;
				TargetAttributes = {
					02B9B3152BD27D20001E8810 = {
						CreatedOnToolsVersion = 15.2;
					};
					02B9B32B2BD27D21001E8810 = {
						CreatedOnToolsVersion = 15.2;
						TestTargetID = 02B9B3152BD27D20001E8810;
					};
					02B9B3352BD27D21001E8810 = {
						CreatedOnToolsVersion = 15.2;
						TestTargetID = 02B9B3152BD27D20001E8810;
					};
				};
			};
			buildConfigurationList = 02B9B3112BD27D20001E8810 /* Build configuration list for PBXProject "TVMOVIE" */;
			compatibilityVersion = "Xcode 14.0";
			developmentRegion = en;
			hasScannedForEncodings = 0;
			knownRegions = (
				en,
				Base,
			);
			mainGroup = 02B9B30D2BD27D20001E8810;
			packageReferences = (
				02B9B3492BD27DC5001E8810 /* XCRemoteSwiftPackageReference "Kingfisher" */,
				02B9B34C2BD27E61001E8810 /* XCRemoteSwiftPackageReference "SnapKit" */,
				02B9B34F2BD28055001E8810 /* XCRemoteSwiftPackageReference "RxSwift" */,
				02B9B3542BD280F2001E8810 /* XCRemoteSwiftPackageReference "RxAlamofire" */,
			);
			productRefGroup = 02B9B3172BD27D20001E8810 /* Products */;
			projectDirPath = "";
			projectRoot = "";
			targets = (
				02B9B3152BD27D20001E8810 /* TVMOVIE */,
				02B9B32B2BD27D21001E8810 /* TVMOVIETests */,
				02B9B3352BD27D21001E8810 /* TVMOVIEUITests */,
			);
		};
/* End PBXProject section */

/* Begin PBXResourcesBuildPhase section */
		02B9B3142BD27D20001E8810 /* Resources */ = {
			isa = PBXResourcesBuildPhase;
			buildActionMask = 2147483647;
			files = (
				02B9B3262BD27D21001E8810 /* LaunchScreen.storyboard in Resources */,
				02B9B3232BD27D21001E8810 /* Assets.xcassets in Resources */,
				02B9B3212BD27D20001E8810 /* Main.storyboard in Resources */,
			);
			runOnlyForDeploymentPostprocessing = 0;
		};
		02B9B32A2BD27D21001E8810 /* Resources */ = {
			isa = PBXResourcesBuildPhase;
			buildActionMask = 2147483647;
			files = (
			);
			runOnlyForDeploymentPostprocessing = 0;
		};
		02B9B3342BD27D21001E8810 /* Resources */ = {
			isa = PBXResourcesBuildPhase;
			buildActionMask = 2147483647;
			files = (
			);
			runOnlyForDeploymentPostprocessing = 0;
		};
/* End PBXResourcesBuildPhase section */

/* Begin PBXSourcesBuildPhase section */
		02B9B3122BD27D20001E8810 /* Sources */ = {
			isa = PBXSourcesBuildPhase;
			buildActionMask = 2147483647;
			files = (
				02B9B3602BD681EF001E8810 /* MovieResults.swift in Sources */,
				02B9B31E2BD27D20001E8810 /* ViewController.swift in Sources */,
				02B9B3A82BDA3D74001E8810 /* ButtonView.swift in Sources */,
				02B9B3AD2BDCCC47001E8810 /* NormalCollectionViewCell.swift in Sources */,
				02B9B3A02BDA2D24001E8810 /* Network.swift in Sources */,
				02B9B3A22BDA3453001E8810 /* TVNetwork.swift in Sources */,
				02B9B3B12BE0FA45001E8810 /* BigImageCollectionViewCell.swift in Sources */,
				02B9B3592BD64EA7001E8810 /* Const.swift in Sources */,
				02B9B3AA2BDA57D2001E8810 /* ViewModel.swift in Sources */,
				02B9B3AF2BE0F564001E8810 /* Content.swift in Sources */,
				02B9B3A42BDA3692001E8810 /* MovieNetwork.swift in Sources */,
				02B9B35E2BD67B33001E8810 /* Movie.swift in Sources */,
				02B9B3A62BDA398E001E8810 /* NetworkProvider.swift in Sources */,
				02B9B31A2BD27D20001E8810 /* AppDelegate.swift in Sources */,
				02B9B35C2BD6757F001E8810 /* TV.swift in Sources */,
				02B9B31C2BD27D20001E8810 /* SceneDelegate.swift in Sources */,
			);
			runOnlyForDeploymentPostprocessing = 0;
		};
		02B9B3282BD27D21001E8810 /* Sources */ = {
			isa = PBXSourcesBuildPhase;
			buildActionMask = 2147483647;
			files = (
				02B9B3312BD27D21001E8810 /* TVMOVIETests.swift in Sources */,
			);
			runOnlyForDeploymentPostprocessing = 0;
		};
		02B9B3322BD27D21001E8810 /* Sources */ = {
			isa = PBXSourcesBuildPhase;
			buildActionMask = 2147483647;
			files = (
				02B9B33B2BD27D21001E8810 /* TVMOVIEUITests.swift in Sources */,
				02B9B33D2BD27D21001E8810 /* TVMOVIEUITestsLaunchTests.swift in Sources */,
			);
			runOnlyForDeploymentPostprocessing = 0;
		};
/* End PBXSourcesBuildPhase section */

/* Begin PBXTargetDependency section */
		02B9B32E2BD27D21001E8810 /* PBXTargetDependency */ = {
			isa = PBXTargetDependency;
			target = 02B9B3152BD27D20001E8810 /* TVMOVIE */;
			targetProxy = 02B9B32D2BD27D21001E8810 /* PBXContainerItemProxy */;
		};
		02B9B3382BD27D21001E8810 /* PBXTargetDependency */ = {
			isa = PBXTargetDependency;
			target = 02B9B3152BD27D20001E8810 /* TVMOVIE */;
			targetProxy = 02B9B3372BD27D21001E8810 /* PBXContainerItemProxy */;
		};
/* End PBXTargetDependency section */

/* Begin PBXVariantGroup section */
		02B9B31F2BD27D20001E8810 /* Main.storyboard */ = {
			isa = PBXVariantGroup;
			children = (
				02B9B3202BD27D20001E8810 /* Base */,
			);
			name = Main.storyboard;
			sourceTree = "<group>";
		};
		02B9B3242BD27D21001E8810 /* LaunchScreen.storyboard */ = {
			isa = PBXVariantGroup;
			children = (
				02B9B3252BD27D21001E8810 /* Base */,
			);
			name = LaunchScreen.storyboard;
			sourceTree = "<group>";
		};
/* End PBXVariantGroup section */

/* Begin XCBuildConfiguration section */
		02B9B33E2BD27D21001E8810 /* Debug */ = {
			isa = XCBuildConfiguration;
			buildSettings = {
				ALWAYS_SEARCH_USER_PATHS = NO;
				ASSETCATALOG_COMPILER_GENERATE_SWIFT_ASSET_SYMBOL_EXTENSIONS = YES;
				CLANG_ANALYZER_NONNULL = YES;
				CLANG_ANALYZER_NUMBER_OBJECT_CONVERSION = YES_AGGRESSIVE;
				CLANG_CXX_LANGUAGE_STANDARD = "gnu++20";
				CLANG_ENABLE_MODULES = YES;
				CLANG_ENABLE_OBJC_ARC = YES;
				CLANG_ENABLE_OBJC_WEAK = YES;
				CLANG_WARN_BLOCK_CAPTURE_AUTORELEASING = YES;
				CLANG_WARN_BOOL_CONVERSION = YES;
				CLANG_WARN_COMMA = YES;
				CLANG_WARN_CONSTANT_CONVERSION = YES;
				CLANG_WARN_DEPRECATED_OBJC_IMPLEMENTATIONS = YES;
				CLANG_WARN_DIRECT_OBJC_ISA_USAGE = YES_ERROR;
				CLANG_WARN_DOCUMENTATION_COMMENTS = YES;
				CLANG_WARN_EMPTY_BODY = YES;
				CLANG_WARN_ENUM_CONVERSION = YES;
				CLANG_WARN_INFINITE_RECURSION = YES;
				CLANG_WARN_INT_CONVERSION = YES;
				CLANG_WARN_NON_LITERAL_NULL_CONVERSION = YES;
				CLANG_WARN_OBJC_IMPLICIT_RETAIN_SELF = YES;
				CLANG_WARN_OBJC_LITERAL_CONVERSION = YES;
				CLANG_WARN_OBJC_ROOT_CLASS = YES_ERROR;
				CLANG_WARN_QUOTED_INCLUDE_IN_FRAMEWORK_HEADER = YES;
				CLANG_WARN_RANGE_LOOP_ANALYSIS = YES;
				CLANG_WARN_STRICT_PROTOTYPES = YES;
				CLANG_WARN_SUSPICIOUS_MOVE = YES;
				CLANG_WARN_UNGUARDED_AVAILABILITY = YES_AGGRESSIVE;
				CLANG_WARN_UNREACHABLE_CODE = YES;
				CLANG_WARN__DUPLICATE_METHOD_MATCH = YES;
				COPY_PHASE_STRIP = NO;
				DEBUG_INFORMATION_FORMAT = dwarf;
				ENABLE_STRICT_OBJC_MSGSEND = YES;
				ENABLE_TESTABILITY = YES;
				ENABLE_USER_SCRIPT_SANDBOXING = YES;
				GCC_C_LANGUAGE_STANDARD = gnu17;
				GCC_DYNAMIC_NO_PIC = NO;
				GCC_NO_COMMON_BLOCKS = YES;
				GCC_OPTIMIZATION_LEVEL = 0;
				GCC_PREPROCESSOR_DEFINITIONS = (
					"DEBUG=1",
					"$(inherited)",
				);
				GCC_WARN_64_TO_32_BIT_CONVERSION = YES;
				GCC_WARN_ABOUT_RETURN_TYPE = YES_ERROR;
				GCC_WARN_UNDECLARED_SELECTOR = YES;
				GCC_WARN_UNINITIALIZED_AUTOS = YES_AGGRESSIVE;
				GCC_WARN_UNUSED_FUNCTION = YES;
				GCC_WARN_UNUSED_VARIABLE = YES;
				IPHONEOS_DEPLOYMENT_TARGET = 17.2;
				LOCALIZATION_PREFERS_STRING_CATALOGS = YES;
				MTL_ENABLE_DEBUG_INFO = INCLUDE_SOURCE;
				MTL_FAST_MATH = YES;
				ONLY_ACTIVE_ARCH = YES;
				SDKROOT = iphoneos;
				SWIFT_ACTIVE_COMPILATION_CONDITIONS = "DEBUG $(inherited)";
				SWIFT_OPTIMIZATION_LEVEL = "-Onone";
			};
			name = Debug;
		};
		02B9B33F2BD27D21001E8810 /* Release */ = {
			isa = XCBuildConfiguration;
			buildSettings = {
				ALWAYS_SEARCH_USER_PATHS = NO;
				ASSETCATALOG_COMPILER_GENERATE_SWIFT_ASSET_SYMBOL_EXTENSIONS = YES;
				CLANG_ANALYZER_NONNULL = YES;
				CLANG_ANALYZER_NUMBER_OBJECT_CONVERSION = YES_AGGRESSIVE;
				CLANG_CXX_LANGUAGE_STANDARD = "gnu++20";
				CLANG_ENABLE_MODULES = YES;
				CLANG_ENABLE_OBJC_ARC = YES;
				CLANG_ENABLE_OBJC_WEAK = YES;
				CLANG_WARN_BLOCK_CAPTURE_AUTORELEASING = YES;
				CLANG_WARN_BOOL_CONVERSION = YES;
				CLANG_WARN_COMMA = YES;
				CLANG_WARN_CONSTANT_CONVERSION = YES;
				CLANG_WARN_DEPRECATED_OBJC_IMPLEMENTATIONS = YES;
				CLANG_WARN_DIRECT_OBJC_ISA_USAGE = YES_ERROR;
				CLANG_WARN_DOCUMENTATION_COMMENTS = YES;
				CLANG_WARN_EMPTY_BODY = YES;
				CLANG_WARN_ENUM_CONVERSION = YES;
				CLANG_WARN_INFINITE_RECURSION = YES;
				CLANG_WARN_INT_CONVERSION = YES;
				CLANG_WARN_NON_LITERAL_NULL_CONVERSION = YES;
				CLANG_WARN_OBJC_IMPLICIT_RETAIN_SELF = YES;
				CLANG_WARN_OBJC_LITERAL_CONVERSION = YES;
				CLANG_WARN_OBJC_ROOT_CLASS = YES_ERROR;
				CLANG_WARN_QUOTED_INCLUDE_IN_FRAMEWORK_HEADER = YES;
				CLANG_WARN_RANGE_LOOP_ANALYSIS = YES;
				CLANG_WARN_STRICT_PROTOTYPES = YES;
				CLANG_WARN_SUSPICIOUS_MOVE = YES;
				CLANG_WARN_UNGUARDED_AVAILABILITY = YES_AGGRESSIVE;
				CLANG_WARN_UNREACHABLE_CODE = YES;
				CLANG_WARN__DUPLICATE_METHOD_MATCH = YES;
				COPY_PHASE_STRIP = NO;
				DEBUG_INFORMATION_FORMAT = "dwarf-with-dsym";
				ENABLE_NS_ASSERTIONS = NO;
				ENABLE_STRICT_OBJC_MSGSEND = YES;
				ENABLE_USER_SCRIPT_SANDBOXING = YES;
				GCC_C_LANGUAGE_STANDARD = gnu17;
				GCC_NO_COMMON_BLOCKS = YES;
				GCC_WARN_64_TO_32_BIT_CONVERSION = YES;
				GCC_WARN_ABOUT_RETURN_TYPE = YES_ERROR;
				GCC_WARN_UNDECLARED_SELECTOR = YES;
				GCC_WARN_UNINITIALIZED_AUTOS = YES_AGGRESSIVE;
				GCC_WARN_UNUSED_FUNCTION = YES;
				GCC_WARN_UNUSED_VARIABLE = YES;
				IPHONEOS_DEPLOYMENT_TARGET = 17.2;
				LOCALIZATION_PREFERS_STRING_CATALOGS = YES;
				MTL_ENABLE_DEBUG_INFO = NO;
				MTL_FAST_MATH = YES;
				SDKROOT = iphoneos;
				SWIFT_COMPILATION_MODE = wholemodule;
				VALIDATE_PRODUCT = YES;
			};
			name = Release;
		};
		02B9B3412BD27D21001E8810 /* Debug */ = {
			isa = XCBuildConfiguration;
			buildSettings = {
				ASSETCATALOG_COMPILER_APPICON_NAME = AppIcon;
				ASSETCATALOG_COMPILER_GLOBAL_ACCENT_COLOR_NAME = AccentColor;
				CODE_SIGN_STYLE = Automatic;
				CURRENT_PROJECT_VERSION = 1;
				GENERATE_INFOPLIST_FILE = YES;
				INFOPLIST_FILE = TVMOVIE/Info.plist;
				INFOPLIST_KEY_UIApplicationSupportsIndirectInputEvents = YES;
				INFOPLIST_KEY_UILaunchStoryboardName = LaunchScreen;
				INFOPLIST_KEY_UIMainStoryboardFile = Main;
				INFOPLIST_KEY_UISupportedInterfaceOrientations_iPad = "UIInterfaceOrientationPortrait UIInterfaceOrientationPortraitUpsideDown UIInterfaceOrientationLandscapeLeft UIInterfaceOrientationLandscapeRight";
				INFOPLIST_KEY_UISupportedInterfaceOrientations_iPhone = "UIInterfaceOrientationPortrait UIInterfaceOrientationLandscapeLeft UIInterfaceOrientationLandscapeRight";
				LD_RUNPATH_SEARCH_PATHS = (
					"$(inherited)",
					"@executable_path/Frameworks",
				);
				MARKETING_VERSION = 1.0;
				PRODUCT_BUNDLE_IDENTIFIER = kr.co.chacha.TVMOVIE;
				PRODUCT_NAME = "$(TARGET_NAME)";
				SWIFT_EMIT_LOC_STRINGS = YES;
				SWIFT_VERSION = 5.0;
				TARGETED_DEVICE_FAMILY = "1,2";
			};
			name = Debug;
		};
		02B9B3422BD27D21001E8810 /* Release */ = {
			isa = XCBuildConfiguration;
			buildSettings = {
				ASSETCATALOG_COMPILER_APPICON_NAME = AppIcon;
				ASSETCATALOG_COMPILER_GLOBAL_ACCENT_COLOR_NAME = AccentColor;
				CODE_SIGN_STYLE = Automatic;
				CURRENT_PROJECT_VERSION = 1;
				GENERATE_INFOPLIST_FILE = YES;
				INFOPLIST_FILE = TVMOVIE/Info.plist;
				INFOPLIST_KEY_UIApplicationSupportsIndirectInputEvents = YES;
				INFOPLIST_KEY_UILaunchStoryboardName = LaunchScreen;
				INFOPLIST_KEY_UIMainStoryboardFile = Main;
				INFOPLIST_KEY_UISupportedInterfaceOrientations_iPad = "UIInterfaceOrientationPortrait UIInterfaceOrientationPortraitUpsideDown UIInterfaceOrientationLandscapeLeft UIInterfaceOrientationLandscapeRight";
				INFOPLIST_KEY_UISupportedInterfaceOrientations_iPhone = "UIInterfaceOrientationPortrait UIInterfaceOrientationLandscapeLeft UIInterfaceOrientationLandscapeRight";
				LD_RUNPATH_SEARCH_PATHS = (
					"$(inherited)",
					"@executable_path/Frameworks",
				);
				MARKETING_VERSION = 1.0;
				PRODUCT_BUNDLE_IDENTIFIER = kr.co.chacha.TVMOVIE;
				PRODUCT_NAME = "$(TARGET_NAME)";
				SWIFT_EMIT_LOC_STRINGS = YES;
				SWIFT_VERSION = 5.0;
				TARGETED_DEVICE_FAMILY = "1,2";
			};
			name = Release;
		};
		02B9B3442BD27D21001E8810 /* Debug */ = {
			isa = XCBuildConfiguration;
			buildSettings = {
				ALWAYS_EMBED_SWIFT_STANDARD_LIBRARIES = YES;
				BUNDLE_LOADER = "$(TEST_HOST)";
				CODE_SIGN_STYLE = Automatic;
				CURRENT_PROJECT_VERSION = 1;
				GENERATE_INFOPLIST_FILE = YES;
				IPHONEOS_DEPLOYMENT_TARGET = 17.2;
				MARKETING_VERSION = 1.0;
				PRODUCT_BUNDLE_IDENTIFIER = kr.co.chacha.TVMOVIETests;
				PRODUCT_NAME = "$(TARGET_NAME)";
				SWIFT_EMIT_LOC_STRINGS = NO;
				SWIFT_VERSION = 5.0;
				TARGETED_DEVICE_FAMILY = "1,2";
				TEST_HOST = "$(BUILT_PRODUCTS_DIR)/TVMOVIE.app/$(BUNDLE_EXECUTABLE_FOLDER_PATH)/TVMOVIE";
			};
			name = Debug;
		};
		02B9B3452BD27D21001E8810 /* Release */ = {
			isa = XCBuildConfiguration;
			buildSettings = {
				ALWAYS_EMBED_SWIFT_STANDARD_LIBRARIES = YES;
				BUNDLE_LOADER = "$(TEST_HOST)";
				CODE_SIGN_STYLE = Automatic;
				CURRENT_PROJECT_VERSION = 1;
				GENERATE_INFOPLIST_FILE = YES;
				IPHONEOS_DEPLOYMENT_TARGET = 17.2;
				MARKETING_VERSION = 1.0;
				PRODUCT_BUNDLE_IDENTIFIER = kr.co.chacha.TVMOVIETests;
				PRODUCT_NAME = "$(TARGET_NAME)";
				SWIFT_EMIT_LOC_STRINGS = NO;
				SWIFT_VERSION = 5.0;
				TARGETED_DEVICE_FAMILY = "1,2";
				TEST_HOST = "$(BUILT_PRODUCTS_DIR)/TVMOVIE.app/$(BUNDLE_EXECUTABLE_FOLDER_PATH)/TVMOVIE";
			};
			name = Release;
		};
		02B9B3472BD27D21001E8810 /* Debug */ = {
			isa = XCBuildConfiguration;
			buildSettings = {
				ALWAYS_EMBED_SWIFT_STANDARD_LIBRARIES = YES;
				CODE_SIGN_STYLE = Automatic;
				CURRENT_PROJECT_VERSION = 1;
				GENERATE_INFOPLIST_FILE = YES;
				MARKETING_VERSION = 1.0;
				PRODUCT_BUNDLE_IDENTIFIER = kr.co.chacha.TVMOVIEUITests;
				PRODUCT_NAME = "$(TARGET_NAME)";
				SWIFT_EMIT_LOC_STRINGS = NO;
				SWIFT_VERSION = 5.0;
				TARGETED_DEVICE_FAMILY = "1,2";
				TEST_TARGET_NAME = TVMOVIE;
			};
			name = Debug;
		};
		02B9B3482BD27D21001E8810 /* Release */ = {
			isa = XCBuildConfiguration;
			buildSettings = {
				ALWAYS_EMBED_SWIFT_STANDARD_LIBRARIES = YES;
				CODE_SIGN_STYLE = Automatic;
				CURRENT_PROJECT_VERSION = 1;
				GENERATE_INFOPLIST_FILE = YES;
				MARKETING_VERSION = 1.0;
				PRODUCT_BUNDLE_IDENTIFIER = kr.co.chacha.TVMOVIEUITests;
				PRODUCT_NAME = "$(TARGET_NAME)";
				SWIFT_EMIT_LOC_STRINGS = NO;
				SWIFT_VERSION = 5.0;
				TARGETED_DEVICE_FAMILY = "1,2";
				TEST_TARGET_NAME = TVMOVIE;
			};
			name = Release;
		};
/* End XCBuildConfiguration section */

/* Begin XCConfigurationList section */
		02B9B3112BD27D20001E8810 /* Build configuration list for PBXProject "TVMOVIE" */ = {
			isa = XCConfigurationList;
			buildConfigurations = (
				02B9B33E2BD27D21001E8810 /* Debug */,
				02B9B33F2BD27D21001E8810 /* Release */,
			);
			defaultConfigurationIsVisible = 0;
			defaultConfigurationName = Release;
		};
		02B9B3402BD27D21001E8810 /* Build configuration list for PBXNativeTarget "TVMOVIE" */ = {
			isa = XCConfigurationList;
			buildConfigurations = (
				02B9B3412BD27D21001E8810 /* Debug */,
				02B9B3422BD27D21001E8810 /* Release */,
			);
			defaultConfigurationIsVisible = 0;
			defaultConfigurationName = Release;
		};
		02B9B3432BD27D21001E8810 /* Build configuration list for PBXNativeTarget "TVMOVIETests" */ = {
			isa = XCConfigurationList;
			buildConfigurations = (
				02B9B3442BD27D21001E8810 /* Debug */,
				02B9B3452BD27D21001E8810 /* Release */,
			);
			defaultConfigurationIsVisible = 0;
			defaultConfigurationName = Release;
		};
		02B9B3462BD27D21001E8810 /* Build configuration list for PBXNativeTarget "TVMOVIEUITests" */ = {
			isa = XCConfigurationList;
			buildConfigurations = (
				02B9B3472BD27D21001E8810 /* Debug */,
				02B9B3482BD27D21001E8810 /* Release */,
			);
			defaultConfigurationIsVisible = 0;
			defaultConfigurationName = Release;
		};
/* End XCConfigurationList section */

/* Begin XCRemoteSwiftPackageReference section */
		02B9B3492BD27DC5001E8810 /* XCRemoteSwiftPackageReference "Kingfisher" */ = {
			isa = XCRemoteSwiftPackageReference;
			repositoryURL = "https://github.com/onevcat/Kingfisher.git";
			requirement = {
				kind = upToNextMajorVersion;
				minimumVersion = 7.11.0;
			};
		};
		02B9B34C2BD27E61001E8810 /* XCRemoteSwiftPackageReference "SnapKit" */ = {
			isa = XCRemoteSwiftPackageReference;
			repositoryURL = "https://github.com/SnapKit/SnapKit.git";
			requirement = {
				kind = upToNextMajorVersion;
				minimumVersion = 5.7.1;
			};
		};
		02B9B34F2BD28055001E8810 /* XCRemoteSwiftPackageReference "RxSwift" */ = {
			isa = XCRemoteSwiftPackageReference;
			repositoryURL = "https://github.com/ReactiveX/RxSwift.git";
			requirement = {
				kind = upToNextMajorVersion;
				minimumVersion = 5.0.0;
			};
		};
		02B9B3542BD280F2001E8810 /* XCRemoteSwiftPackageReference "RxAlamofire" */ = {
			isa = XCRemoteSwiftPackageReference;
			repositoryURL = "https://github.com/RxSwiftCommunity/RxAlamofire.git";
			requirement = {
				kind = upToNextMajorVersion;
				minimumVersion = 5.2.0;
			};
		};
/* End XCRemoteSwiftPackageReference section */

/* Begin XCSwiftPackageProductDependency section */
		02B9B34A2BD27DC5001E8810 /* Kingfisher */ = {
			isa = XCSwiftPackageProductDependency;
			package = 02B9B3492BD27DC5001E8810 /* XCRemoteSwiftPackageReference "Kingfisher" */;
			productName = Kingfisher;
		};
		02B9B34D2BD27E61001E8810 /* SnapKit */ = {
			isa = XCSwiftPackageProductDependency;
			package = 02B9B34C2BD27E61001E8810 /* XCRemoteSwiftPackageReference "SnapKit" */;
			productName = SnapKit;
		};
		02B9B3502BD28055001E8810 /* RxCocoa */ = {
			isa = XCSwiftPackageProductDependency;
			package = 02B9B34F2BD28055001E8810 /* XCRemoteSwiftPackageReference "RxSwift" */;
			productName = RxCocoa;
		};
		02B9B3522BD28055001E8810 /* RxSwift */ = {
			isa = XCSwiftPackageProductDependency;
			package = 02B9B34F2BD28055001E8810 /* XCRemoteSwiftPackageReference "RxSwift" */;
			productName = RxSwift;
		};
		02B9B3552BD280F2001E8810 /* RxAlamofire */ = {
			isa = XCSwiftPackageProductDependency;
			package = 02B9B3542BD280F2001E8810 /* XCRemoteSwiftPackageReference "RxAlamofire" */;
			productName = RxAlamofire;
		};
/* End XCSwiftPackageProductDependency section */
	};
	rootObject = 02B9B30E2BD27D20001E8810 /* Project object */;
}
